# This file is automatically @generated by Cargo.
# It is not intended for manual editing.
version = 4

[[package]]
name = "backtracked-micropass-type-inference"
version = "0.1.0"
dependencies = [
 "log",
 "simple_logger",
]

[[package]]
name = "colored"
version = "3.1.1"
source = "registry+https://github.com/rust-lang/crates.io-index"
checksum = "faf9468729b8cbcea668e36183cb69d317348c2e08e994829fb56ebfdfbaac34"
dependencies = [
 "windows-sys",
]

[[package]]
name = "log"
version = "0.4.29"
source = "registry+https://github.com/rust-lang/crates.io-index"
checksum = "5e5032e24019045c762d3c0f28f5b6b8bbf38563a65908389bf7978758920897"

[[package]]
name = "simple_logger"
version = "5.2.0"
source = "registry+https://github.com/rust-lang/crates.io-index"
checksum = "c7038d0e96661bf9ce647e1a6f6ef6d6f3663f66d9bf741abf14ba4876071c17"
dependencies = [
 "colored",
 "log",
 "windows-sys",
]

[[package]]
name = "windows-link"
version = "0.2.1"
source = "registry+https://github.com/rust-lang/crates.io-index"
checksum = "f0805222e57f7521d6a62e36fa9163bc891acd422f971defe97d64e70d0a4fe5"

[[package]]
name = "windows-sys"
version = "0.61.2"
source = "registry+https://github.com/rust-lang/crates.io-index"
checksum = "ae137229bcbd6cdf0f7b80a31df61766145077ddf49416a728b02cb3921ff3fc"
dependencies = [
 "windows-link",
]
